// !$*UTF8*$!
{
	archiveVersion = 1;
	classes = {
	};
	objectVersion = 56;
	objects = {

/* Begin PBXBuildFile section */
		D08614602B41E63E0004176F /* Cade_meu_pacoteApp.swift in Sources */ = {isa = PBXBuildFile; fileRef = D086145F2B41E63E0004176F /* Cade_meu_pacoteApp.swift */; };
		D08614622B41E63E0004176F /* ContentView.swift in Sources */ = {isa = PBXBuildFile; fileRef = D08614612B41E63E0004176F /* ContentView.swift */; };
		D08614642B41E6400004176F /* Assets.xcassets in Resources */ = {isa = PBXBuildFile; fileRef = D08614632B41E6400004176F /* Assets.xcassets */; };
		D08614682B41E6400004176F /* Preview Assets.xcassets in Resources */ = {isa = PBXBuildFile; fileRef = D08614672B41E6400004176F /* Preview Assets.xcassets */; };
		D08614702B41E84D0004176F /* data.json in Resources */ = {isa = PBXBuildFile; fileRef = D086146F2B41E84D0004176F /* data.json */; };
		D08614722B41E8CE0004176F /* Order.swift in Sources */ = {isa = PBXBuildFile; fileRef = D08614712B41E8CE0004176F /* Order.swift */; };
		D08614752B41E97C0004176F /* OrderListItemView.swift in Sources */ = {isa = PBXBuildFile; fileRef = D08614742B41E97C0004176F /* OrderListItemView.swift */; };
		D08614772B41EB7E0004176F /* OrderListView.swift in Sources */ = {isa = PBXBuildFile; fileRef = D08614762B41EB7E0004176F /* OrderListView.swift */; };
		D08614792B41EE190004176F /* OrderDetailView.swift in Sources */ = {isa = PBXBuildFile; fileRef = D08614782B41EE190004176F /* OrderDetailView.swift */; };
/* End PBXBuildFile section */

/* Begin PBXFileReference section */
		D086145C2B41E63E0004176F /* Cade meu pacote.app */ = {isa = PBXFileReference; explicitFileType = wrapper.application; includeInIndex = 0; path = "Cade meu pacote.app"; sourceTree = BUILT_PRODUCTS_DIR; };
		D086145F2B41E63E0004176F /* Cade_meu_pacoteApp.swift */ = {isa = PBXFileReference; lastKnownFileType = sourcecode.swift; path = Cade_meu_pacoteApp.swift; sourceTree = "<group>"; };
		D08614612B41E63E0004176F /* ContentView.swift */ = {isa = PBXFileReference; lastKnownFileType = sourcecode.swift; path = ContentView.swift; sourceTree = "<group>"; };
		D08614632B41E6400004176F /* Assets.xcassets */ = {isa = PBXFileReference; lastKnownFileType = folder.assetcatalog; path = Assets.xcassets; sourceTree = "<group>"; };
		D08614652B41E6400004176F /* Cade_meu_pacote.entitlements */ = {isa = PBXFileReference; lastKnownFileType = text.plist.entitlements; path = Cade_meu_pacote.entitlements; sourceTree = "<group>"; };
		D08614672B41E6400004176F /* Preview Assets.xcassets */ = {isa = PBXFileReference; lastKnownFileType = folder.assetcatalog; path = "Preview Assets.xcassets"; sourceTree = "<group>"; };
		D086146F2B41E84D0004176F /* data.json */ = {isa = PBXFileReference; lastKnownFileType = text.json; path = data.json; sourceTree = "<group>"; };
		D08614712B41E8CE0004176F /* Order.swift */ = {isa = PBXFileReference; lastKnownFileType = sourcecode.swift; path = Order.swift; sourceTree = "<group>"; };
		D08614742B41E97C0004176F /* OrderListItemView.swift */ = {isa = PBXFileReference; lastKnownFileType = sourcecode.swift; path = OrderListItemView.swift; sourceTree = "<group>"; };
		D08614762B41EB7E0004176F /* OrderListView.swift */ = {isa = PBXFileReference; lastKnownFileType = sourcecode.swift; path = OrderListView.swift; sourceTree = "<group>"; };
		D08614782B41EE190004176F /* OrderDetailView.swift */ = {isa = PBXFileReference; lastKnownFileType = sourcecode.swift; path = OrderDetailView.swift; sourceTree = "<group>"; };
/* End PBXFileReference section */

/* Begin PBXFrameworksBuildPhase section */
		D08614592B41E63E0004176F /* Frameworks */ = {
			isa = PBXFrameworksBuildPhase;
			buildActionMask = 2147483647;
			files = (
			);
			runOnlyForDeploymentPostprocessing = 0;
		};
/* End PBXFrameworksBuildPhase section */

/* Begin PBXGroup section */
		D08614532B41E63E0004176F = {
			isa = PBXGroup;
			children = (
				D086145E2B41E63E0004176F /* Cade meu pacote */,
				D086145D2B41E63E0004176F /* Products */,
			);
			sourceTree = "<group>";
		};
		D086145D2B41E63E0004176F /* Products */ = {
			isa = PBXGroup;
			children = (
				D086145C2B41E63E0004176F /* Cade meu pacote.app */,
			);
			name = Products;
			sourceTree = "<group>";
		};
		D086145E2B41E63E0004176F /* Cade meu pacote */ = {
			isa = PBXGroup;
			children = (
				D086145F2B41E63E0004176F /* Cade_meu_pacoteApp.swift */,
				D08614732B41E8D30004176F /* Model */,
				D086146E2B41E77E0004176F /* View */,
				D08614632B41E6400004176F /* Assets.xcassets */,
				D08614652B41E6400004176F /* Cade_meu_pacote.entitlements */,
				D08614662B41E6400004176F /* Preview Content */,
			);
			path = "Cade meu pacote";
			sourceTree = "<group>";
		};
		D08614662B41E6400004176F /* Preview Content */ = {
			isa = PBXGroup;
			children = (
				D08614672B41E6400004176F /* Preview Assets.xcassets */,
			);
			path = "Preview Content";
			sourceTree = "<group>";
		};
		D086146E2B41E77E0004176F /* View */ = {
			isa = PBXGroup;
			children = (
				D08614612B41E63E0004176F /* ContentView.swift */,
				D08614782B41EE190004176F /* OrderDetailView.swift */,
				D08614742B41E97C0004176F /* OrderListItemView.swift */,
				D08614762B41EB7E0004176F /* OrderListView.swift */,
			);
			path = View;
			sourceTree = "<group>";
		};
		D08614732B41E8D30004176F /* Model */ = {
			isa = PBXGroup;
			children = (
				D086146F2B41E84D0004176F /* data.json */,
				D08614712B41E8CE0004176F /* Order.swift */,
			);
			path = Model;
			sourceTree = "<group>";
		};
/* End PBXGroup section */

/* Begin PBXNativeTarget section */
		D086145B2B41E63E0004176F /* Cade meu pacote */ = {
			isa = PBXNativeTarget;
			buildConfigurationList = D086146B2B41E6400004176F /* Build configuration list for PBXNativeTarget "Cade meu pacote" */;
			buildPhases = (
				D08614582B41E63E0004176F /* Sources */,
				D08614592B41E63E0004176F /* Frameworks */,
				D086145A2B41E63E0004176F /* Resources */,
			);
			buildRules = (
			);
			dependencies = (
			);
			name = "Cade meu pacote";
			productName = "Cade meu pacote";
			productReference = D086145C2B41E63E0004176F /* Cade meu pacote.app */;
			productType = "com.apple.product-type.application";
		};
/* End PBXNativeTarget section */

/* Begin PBXProject section */
		D08614542B41E63E0004176F /* Project object */ = {
			isa = PBXProject;
			attributes = {
				BuildIndependentTargetsInParallel = 1;
				LastSwiftUpdateCheck = 1510;
				LastUpgradeCheck = 1510;
				TargetAttributes = {
					D086145B2B41E63E0004176F = {
						CreatedOnToolsVersion = 15.1;
					};
				};
			};
			buildConfigurationList = D08614572B41E63E0004176F /* Build configuration list for PBXProject "Cade meu pacote" */;
			compatibilityVersion = "Xcode 14.0";
			developmentRegion = en;
			hasScannedForEncodings = 0;
			knownRegions = (
				en,
				Base,
			);
			mainGroup = D08614532B41E63E0004176F;
			productRefGroup = D086145D2B41E63E0004176F /* Products */;
			projectDirPath = "";
			projectRoot = "";
			targets = (
				D086145B2B41E63E0004176F /* Cade meu pacote */,
			);
		};
/* End PBXProject section */

/* Begin PBXResourcesBuildPhase section */
		D086145A2B41E63E0004176F /* Resources */ = {
			isa = PBXResourcesBuildPhase;
			buildActionMask = 2147483647;
			files = (
				D08614682B41E6400004176F /* Preview Assets.xcassets in Resources */,
				D08614702B41E84D0004176F /* data.json in Resources */,
				D08614642B41E6400004176F /* Assets.xcassets in Resources */,
			);
			runOnlyForDeploymentPostprocessing = 0;
		};
/* End PBXResourcesBuildPhase section */

/* Begin PBXSourcesBuildPhase section */
		D08614582B41E63E0004176F /* Sources */ = {
			isa = PBXSourcesBuildPhase;
			buildActionMask = 2147483647;
			files = (
				D08614772B41EB7E0004176F /* OrderListView.swift in Sources */,
				D08614752B41E97C0004176F /* OrderListItemView.swift in Sources */,
				D08614792B41EE190004176F /* OrderDetailView.swift in Sources */,
				D08614722B41E8CE0004176F /* Order.swift in Sources */,
				D08614622B41E63E0004176F /* ContentView.swift in Sources */,
				D08614602B41E63E0004176F /* Cade_meu_pacoteApp.swift in Sources */,
			);
			runOnlyForDeploymentPostprocessing = 0;
		};
/* End PBXSourcesBuildPhase section */

/* Begin XCBuildConfiguration section */
		D08614692B41E6400004176F /* Debug */ = {
			isa = XCBuildConfiguration;
			buildSettings = {
				ALWAYS_SEARCH_USER_PATHS = NO;
				ASSETCATALOG_COMPILER_GENERATE_SWIFT_ASSET_SYMBOL_EXTENSIONS = YES;
				CLANG_ANALYZER_NONNULL = YES;
				CLANG_ANALYZER_NUMBER_OBJECT_CONVERSION = YES_AGGRESSIVE;
				CLANG_CXX_LANGUAGE_STANDARD = "gnu++20";
				CLANG_ENABLE_MODULES = YES;
				CLANG_ENABLE_OBJC_ARC = YES;
				CLANG_ENABLE_OBJC_WEAK = YES;
				CLANG_WARN_BLOCK_CAPTURE_AUTORELEASING = YES;
				CLANG_WARN_BOOL_CONVERSION = YES;
				CLANG_WARN_COMMA = YES;
				CLANG_WARN_CONSTANT_CONVERSION = YES;
				CLANG_WARN_DEPRECATED_OBJC_IMPLEMENTATIONS = YES;
				CLANG_WARN_DIRECT_OBJC_ISA_USAGE = YES_ERROR;
				CLANG_WARN_DOCUMENTATION_COMMENTS = YES;
				CLANG_WARN_EMPTY_BODY = YES;
				CLANG_WARN_ENUM_CONVERSION = YES;
				CLANG_WARN_INFINITE_RECURSION = YES;
				CLANG_WARN_INT_CONVERSION = YES;
				CLANG_WARN_NON_LITERAL_NULL_CONVERSION = YES;
				CLANG_WARN_OBJC_IMPLICIT_RETAIN_SELF = YES;
				CLANG_WARN_OBJC_LITERAL_CONVERSION = YES;
				CLANG_WARN_OBJC_ROOT_CLASS = YES_ERROR;
				CLANG_WARN_QUOTED_INCLUDE_IN_FRAMEWORK_HEADER = YES;
				CLANG_WARN_RANGE_LOOP_ANALYSIS = YES;
				CLANG_WARN_STRICT_PROTOTYPES = YES;
				CLANG_WARN_SUSPICIOUS_MOVE = YES;
				CLANG_WARN_UNGUARDED_AVAILABILITY = YES_AGGRESSIVE;
				CLANG_WARN_UNREACHABLE_CODE = YES;
				CLANG_WARN__DUPLICATE_METHOD_MATCH = YES;
				COPY_PHASE_STRIP = NO;
				DEBUG_INFORMATION_FORMAT = dwarf;
				ENABLE_STRICT_OBJC_MSGSEND = YES;
				ENABLE_TESTABILITY = YES;
				ENABLE_USER_SCRIPT_SANDBOXING = YES;
				GCC_C_LANGUAGE_STANDARD = gnu17;
				GCC_DYNAMIC_NO_PIC = NO;
				GCC_NO_COMMON_BLOCKS = YES;
				GCC_OPTIMIZATION_LEVEL = 0;
				GCC_PREPROCESSOR_DEFINITIONS = (
					"DEBUG=1",
					"$(inherited)",
				);
				GCC_WARN_64_TO_32_BIT_CONVERSION = YES;
				GCC_WARN_ABOUT_RETURN_TYPE = YES_ERROR;
				GCC_WARN_UNDECLARED_SELECTOR = YES;
				GCC_WARN_UNINITIALIZED_AUTOS = YES_AGGRESSIVE;
				GCC_WARN_UNUSED_FUNCTION = YES;
				GCC_WARN_UNUSED_VARIABLE = YES;
				LOCALIZATION_PREFERS_STRING_CATALOGS = YES;
				MTL_ENABLE_DEBUG_INFO = INCLUDE_SOURCE;
				MTL_FAST_MATH = YES;
				ONLY_ACTIVE_ARCH = YES;
				SWIFT_ACTIVE_COMPILATION_CONDITIONS = "DEBUG $(inherited)";
				SWIFT_OPTIMIZATION_LEVEL = "-Onone";
			};
			name = Debug;
		};
		D086146A2B41E6400004176F /* Release */ = {
			isa = XCBuildConfiguration;
			buildSettings = {
				ALWAYS_SEARCH_USER_PATHS = NO;
				ASSETCATALOG_COMPILER_GENERATE_SWIFT_ASSET_SYMBOL_EXTENSIONS = YES;
				CLANG_ANALYZER_NONNULL = YES;
				CLANG_ANALYZER_NUMBER_OBJECT_CONVERSION = YES_AGGRESSIVE;
				CLANG_CXX_LANGUAGE_STANDARD = "gnu++20";
				CLANG_ENABLE_MODULES = YES;
				CLANG_ENABLE_OBJC_ARC = YES;
				CLANG_ENABLE_OBJC_WEAK = YES;
				CLANG_WARN_BLOCK_CAPTURE_AUTORELEASING = YES;
				CLANG_WARN_BOOL_CONVERSION = YES;
				CLANG_WARN_COMMA = YES;
				CLANG_WARN_CONSTANT_CONVERSION = YES;
				CLANG_WARN_DEPRECATED_OBJC_IMPLEMENTATIONS = YES;
				CLANG_WARN_DIRECT_OBJC_ISA_USAGE = YES_ERROR;
				CLANG_WARN_DOCUMENTATION_COMMENTS = YES;
				CLANG_WARN_EMPTY_BODY = YES;
				CLANG_WARN_ENUM_CONVERSION = YES;
				CLANG_WARN_INFINITE_RECURSION = YES;
				CLANG_WARN_INT_CONVERSION = YES;
				CLANG_WARN_NON_LITERAL_NULL_CONVERSION = YES;
				CLANG_WARN_OBJC_IMPLICIT_RETAIN_SELF = YES;
				CLANG_WARN_OBJC_LITERAL_CONVERSION = YES;
				CLANG_WARN_OBJC_ROOT_CLASS = YES_ERROR;
				CLANG_WARN_QUOTED_INCLUDE_IN_FRAMEWORK_HEADER = YES;
				CLANG_WARN_RANGE_LOOP_ANALYSIS = YES;
				CLANG_WARN_STRICT_PROTOTYPES = YES;
				CLANG_WARN_SUSPICIOUS_MOVE = YES;
				CLANG_WARN_UNGUARDED_AVAILABILITY = YES_AGGRESSIVE;
				CLANG_WARN_UNREACHABLE_CODE = YES;
				CLANG_WARN__DUPLICATE_METHOD_MATCH = YES;
				COPY_PHASE_STRIP = NO;
				DEBUG_INFORMATION_FORMAT = "dwarf-with-dsym";
				ENABLE_NS_ASSERTIONS = NO;
				ENABLE_STRICT_OBJC_MSGSEND = YES;
				ENABLE_USER_SCRIPT_SANDBOXING = YES;
				GCC_C_LANGUAGE_STANDARD = gnu17;
				GCC_NO_COMMON_BLOCKS = YES;
				GCC_WARN_64_TO_32_BIT_CONVERSION = YES;
				GCC_WARN_ABOUT_RETURN_TYPE = YES_ERROR;
				GCC_WARN_UNDECLARED_SELECTOR = YES;
				GCC_WARN_UNINITIALIZED_AUTOS = YES_AGGRESSIVE;
				GCC_WARN_UNUSED_FUNCTION = YES;
				GCC_WARN_UNUSED_VARIABLE = YES;
				LOCALIZATION_PREFERS_STRING_CATALOGS = YES;
				MTL_ENABLE_DEBUG_INFO = NO;
				MTL_FAST_MATH = YES;
				SWIFT_COMPILATION_MODE = wholemodule;
			};
			name = Release;
		};
		D086146C2B41E6400004176F /* Debug */ = {
			isa = XCBuildConfiguration;
			buildSettings = {
				ASSETCATALOG_COMPILER_APPICON_NAME = AppIcon;
				ASSETCATALOG_COMPILER_GLOBAL_ACCENT_COLOR_NAME = AccentColor;
				CODE_SIGN_ENTITLEMENTS = "Cade meu pacote/Cade_meu_pacote.entitlements";
				CODE_SIGN_STYLE = Automatic;
				CURRENT_PROJECT_VERSION = 1;
				DEVELOPMENT_ASSET_PATHS = "\"Cade meu pacote/Preview Content\"";
				DEVELOPMENT_TEAM = UL8XRT4746;
				ENABLE_HARDENED_RUNTIME = YES;
				ENABLE_PREVIEWS = YES;
				GENERATE_INFOPLIST_FILE = YES;
				"INFOPLIST_KEY_UIApplicationSceneManifest_Generation[sdk=iphoneos*]" = YES;
				"INFOPLIST_KEY_UIApplicationSceneManifest_Generation[sdk=iphonesimulator*]" = YES;
				"INFOPLIST_KEY_UIApplicationSupportsIndirectInputEvents[sdk=iphoneos*]" = YES;
				"INFOPLIST_KEY_UIApplicationSupportsIndirectInputEvents[sdk=iphonesimulator*]" = YES;
				"INFOPLIST_KEY_UILaunchScreen_Generation[sdk=iphoneos*]" = YES;
				"INFOPLIST_KEY_UILaunchScreen_Generation[sdk=iphonesimulator*]" = YES;
				"INFOPLIST_KEY_UIStatusBarStyle[sdk=iphoneos*]" = UIStatusBarStyleDefault;
				"INFOPLIST_KEY_UIStatusBarStyle[sdk=iphonesimulator*]" = UIStatusBarStyleDefault;
				INFOPLIST_KEY_UISupportedInterfaceOrientations_iPad = "UIInterfaceOrientationPortrait UIInterfaceOrientationPortraitUpsideDown UIInterfaceOrientationLandscapeLeft UIInterfaceOrientationLandscapeRight";
				INFOPLIST_KEY_UISupportedInterfaceOrientations_iPhone = "UIInterfaceOrientationPortrait UIInterfaceOrientationLandscapeLeft UIInterfaceOrientationLandscapeRight";
				IPHONEOS_DEPLOYMENT_TARGET = 17.2;
				LD_RUNPATH_SEARCH_PATHS = "@executable_path/Frameworks";
				"LD_RUNPATH_SEARCH_PATHS[sdk=macosx*]" = "@executable_path/../Frameworks";
				MACOSX_DEPLOYMENT_TARGET = 14.2;
				MARKETING_VERSION = 1.0;
				PRODUCT_BUNDLE_IDENTIFIER = "br.dev.peter.cade-meu-pacote.Cade-meu-pacote";
				PRODUCT_NAME = "$(TARGET_NAME)";
				SDKROOT = auto;
				SUPPORTED_PLATFORMS = "iphoneos iphonesimulator macosx";
				SWIFT_EMIT_LOC_STRINGS = YES;
				SWIFT_VERSION = 5.0;
				TARGETED_DEVICE_FAMILY = "1,2";
			};
			name = Debug;
		};
		D086146D2B41E6400004176F /* Release */ = {
			isa = XCBuildConfiguration;
			buildSettings = {
				ASSETCATALOG_COMPILER_APPICON_NAME = AppIcon;
				ASSETCATALOG_COMPILER_GLOBAL_ACCENT_COLOR_NAME = AccentColor;
				CODE_SIGN_ENTITLEMENTS = "Cade meu pacote/Cade_meu_pacote.entitlements";
				CODE_SIGN_STYLE = Automatic;
				CURRENT_PROJECT_VERSION = 1;
				DEVELOPMENT_ASSET_PATHS = "\"Cade meu pacote/Preview Content\"";
				DEVELOPMENT_TEAM = UL8XRT4746;
				ENABLE_HARDENED_RUNTIME = YES;
				ENABLE_PREVIEWS = YES;
				GENERATE_INFOPLIST_FILE = YES;
				"INFOPLIST_KEY_UIApplicationSceneManifest_Generation[sdk=iphoneos*]" = YES;
				"INFOPLIST_KEY_UIApplicationSceneManifest_Generation[sdk=iphonesimulator*]" = YES;
				"INFOPLIST_KEY_UIApplicationSupportsIndirectInputEvents[sdk=iphoneos*]" = YES;
				"INFOPLIST_KEY_UIApplicationSupportsIndirectInputEvents[sdk=iphonesimulator*]" = YES;
				"INFOPLIST_KEY_UILaunchScreen_Generation[sdk=iphoneos*]" = YES;
				"INFOPLIST_KEY_UILaunchScreen_Generation[sdk=iphonesimulator*]" = YES;
				"INFOPLIST_KEY_UIStatusBarStyle[sdk=iphoneos*]" = UIStatusBarStyleDefault;
				"INFOPLIST_KEY_UIStatusBarStyle[sdk=iphonesimulator*]" = UIStatusBarStyleDefault;
				INFOPLIST_KEY_UISupportedInterfaceOrientations_iPad = "UIInterfaceOrientationPortrait UIInterfaceOrientationPortraitUpsideDown UIInterfaceOrientationLandscapeLeft UIInterfaceOrientationLandscapeRight";
				INFOPLIST_KEY_UISupportedInterfaceOrientations_iPhone = "UIInterfaceOrientationPortrait UIInterfaceOrientationLandscapeLeft UIInterfaceOrientationLandscapeRight";
				IPHONEOS_DEPLOYMENT_TARGET = 17.2;
				LD_RUNPATH_SEARCH_PATHS = "@executable_path/Frameworks";
				"LD_RUNPATH_SEARCH_PATHS[sdk=macosx*]" = "@executable_path/../Frameworks";
				MACOSX_DEPLOYMENT_TARGET = 14.2;
				MARKETING_VERSION = 1.0;
				PRODUCT_BUNDLE_IDENTIFIER = "br.dev.peter.cade-meu-pacote.Cade-meu-pacote";
				PRODUCT_NAME = "$(TARGET_NAME)";
				SDKROOT = auto;
				SUPPORTED_PLATFORMS = "iphoneos iphonesimulator macosx";
				SWIFT_EMIT_LOC_STRINGS = YES;
				SWIFT_VERSION = 5.0;
				TARGETED_DEVICE_FAMILY = "1,2";
			};
			name = Release;
		};
/* End XCBuildConfiguration section */

/* Begin XCConfigurationList section */
		D08614572B41E63E0004176F /* Build configuration list for PBXProject "Cade meu pacote" */ = {
			isa = XCConfigurationList;
			buildConfigurations = (
				D08614692B41E6400004176F /* Debug */,
				D086146A2B41E6400004176F /* Release */,
			);
			defaultConfigurationIsVisible = 0;
			defaultConfigurationName = Release;
		};
		D086146B2B41E6400004176F /* Build configuration list for PBXNativeTarget "Cade meu pacote" */ = {
			isa = XCConfigurationList;
			buildConfigurations = (
				D086146C2B41E6400004176F /* Debug */,
				D086146D2B41E6400004176F /* Release */,
			);
			defaultConfigurationIsVisible = 0;
			defaultConfigurationName = Release;
		};
/* End XCConfigurationList section */
	};
	rootObject = D08614542B41E63E0004176F /* Project object */;
}
